
Microsoft Visual Studio Solution File, Format Version 12.00
# Visual Studio 15
VisualStudioVersion = 15.0.28307.329
MinimumVisualStudioVersion = 10.0.40219.1
Project("{FAE04EC0-301F-11D3-BF4B-00C04F79EFBC}") = "PMT.DataAccess", "PMT.DataAccess\PMT.DataAccess.csproj", "{727E991F-3430-450E-BD60-A2355A9EC649}"
EndProject
Project("{FAE04EC0-301F-11D3-BF4B-00C04F79EFBC}") = "PMT.Tests", "PMT.Tests\PMT.Tests.csproj", "{846BF072-BEB4-4E90-9217-913251F74D24}"
EndProject
Project("{FAE04EC0-301F-11D3-BF4B-00C04F79EFBC}") = "PMT.Presentation", "PMT.Presentation\PMT.Presentation.csproj", "{7F7C9D5C-6C61-4E18-B49A-61F2F7D19C99}"
EndProject
Global
	GlobalSection(SolutionConfigurationPlatforms) = preSolution
		Debug|Any CPU = Debug|Any CPU
		Release|Any CPU = Release|Any CPU
	EndGlobalSection
	GlobalSection(ProjectConfigurationPlatforms) = postSolution
		{727E991F-3430-450E-BD60-A2355A9EC649}.Debug|Any CPU.ActiveCfg = Debug|Any CPU
		{727E991F-3430-450E-BD60-A2355A9EC649}.Debug|Any CPU.Build.0 = Debug|Any CPU
		{727E991F-3430-450E-BD60-A2355A9EC649}.Release|Any CPU.ActiveCfg = Release|Any CPU
		{727E991F-3430-450E-BD60-A2355A9EC649}.Release|Any CPU.Build.0 = Release|Any CPU
		{846BF072-BEB4-4E90-9217-913251F74D24}.Debug|Any CPU.ActiveCfg = Debug|Any CPU
		{846BF072-BEB4-4E90-9217-913251F74D24}.Debug|Any CPU.Build.0 = Debug|Any CPU
		{846BF072-BEB4-4E90-9217-913251F74D24}.Release|Any CPU.ActiveCfg = Release|Any CPU
		{846BF072-BEB4-4E90-9217-913251F74D24}.Release|Any CPU.Build.0 = Release|Any CPU
		{7F7C9D5C-6C61-4E18-B49A-61F2F7D19C99}.Debug|Any CPU.ActiveCfg = Debug|Any CPU
		{7F7C9D5C-6C61-4E18-B49A-61F2F7D19C99}.Debug|Any CPU.Build.0 = Debug|Any CPU
		{7F7C9D5C-6C61-4E18-B49A-61F2F7D19C99}.Release|Any CPU.ActiveCfg = Release|Any CPU
		{7F7C9D5C-6C61-4E18-B49A-61F2F7D19C99}.Release|Any CPU.Build.0 = Release|Any CPU
	EndGlobalSection
	GlobalSection(SolutionProperties) = preSolution
		HideSolutionNode = FALSE
	EndGlobalSection
	GlobalSection(ExtensibilityGlobals) = postSolution
		SolutionGuid = {ACCD697F-3020-482C-A156-3816EE75C91C}
	EndGlobalSection
EndGlobal
